<?xml version="1.0" encoding="utf-8"?>
<Project ToolsVersion="4.0" xmlns="http://schemas.microsoft.com/developer/msbuild/2003">
  <ItemGroup>
    <ClCompile Include="glsh\Game.cpp">
      <Filter>glsh</Filter>
    </ClCompile>
    <ClCompile Include="glsh\GLSH_Math.cpp">
      <Filter>glsh</Filter>
    </ClCompile>
    <ClCompile Include="glsh\GLSH_Mesh.cpp">
      <Filter>glsh</Filter>
    </ClCompile>
    <ClCompile Include="glsh\GLSH_Shaders.cpp">
      <Filter>glsh</Filter>
    </ClCompile>
    <ClCompile Include="glsh\GLSH_System.cpp">
      <Filter>glsh</Filter>
    </ClCompile>
    <ClCompile Include="glsh\GLSH_Util.cpp">
      <Filter>glsh</Filter>
    </ClCompile>
    <ClCompile Include="glsh\GLSH_Vertex.cpp">
      <Filter>glsh</Filter>
    </ClCompile>
    <ClCompile Include="main.cpp" />
  </ItemGroup>
  <ItemGroup>
    <ClInclude Include="glsh\Game.h">
      <Filter>glsh</Filter>
    </ClInclude>
    <ClInclude Include="glsh\GLSH.h">
      <Filter>glsh</Filter>
    </ClInclude>
    <ClInclude Include="glsh\GLSH_Math.h">
      <Filter>glsh</Filter>
    </ClInclude>
    <ClInclude Include="glsh\GLSH_Mesh.h">
      <Filter>glsh</Filter>
    </ClInclude>
    <ClInclude Include="glsh\GLSH_Shaders.h">
      <Filter>glsh</Filter>
    </ClInclude>
    <ClInclude Include="glsh\GLSH_System.h">
      <Filter>glsh</Filter>
    </ClInclude>
    <ClInclude Include="glsh\GLSH_Util.h">
      <Filter>glsh</Filter>
    </ClInclude>
    <ClInclude Include="glsh\GLSH_Vertex.h">
      <Filter>glsh</Filter>
    </ClInclude>
  </ItemGroup>
  <ItemGroup>
    <Filter Include="glsh">
      <UniqueIdentifier>{d18709b7-3e2d-4aba-bb33-997455ab3214}</UniqueIdentifier>
    </Filter>
  </ItemGroup>
</Project>